
Microsoft Visual Studio Solution File, Format Version 12.00
# Visual Studio Version 17
VisualStudioVersion = 17.5.002.0
MinimumVisualStudioVersion = 10.0.40219.1
Project("{9A19103F-16F7-4668-BE54-9A1E7A4F7556}") = "backend_cine", "backend_cine.csproj", "{DD5AA274-38DA-48AD-9719-02008AF47676}"
EndProject
Global
	GlobalSection(SolutionConfigurationPlatforms) = preSolution
		Debug|Any CPU = Debug|Any CPU
		Release|Any CPU = Release|Any CPU
	EndGlobalSection
	GlobalSection(ProjectConfigurationPlatforms) = postSolution
		{DD5AA274-38DA-48AD-9719-02008AF47676}.Debug|Any CPU.ActiveCfg = Debug|Any CPU
		{DD5AA274-38DA-48AD-9719-02008AF47676}.Debug|Any CPU.Build.0 = Debug|Any CPU
		{DD5AA274-38DA-48AD-9719-02008AF47676}.Release|Any CPU.ActiveCfg = Release|Any CPU
		{DD5AA274-38DA-48AD-9719-02008AF47676}.Release|Any CPU.Build.0 = Release|Any CPU
	EndGlobalSection
	GlobalSection(SolutionProperties) = preSolution
		HideSolutionNode = FALSE
	EndGlobalSection
	GlobalSection(ExtensibilityGlobals) = postSolution
		SolutionGuid = {B604AE73-4E96-4233-854B-7C1761FC0BE5}
	EndGlobalSection
EndGlobal
